# generated by rye
# use `rye lock` or `rye sync` to update this lockfile
#
# last locked with the following flags:
#   pre: false
#   features: []
#   all-features: false
#   with-sources: false
#   generate-hashes: false

-e file:.
absl-py==2.1.0
    # via chex
    # via optax
    # via orbax-checkpoint
    # via tensorboard
    # via tensorflow-cpu
asttokens==2.4.1
    # via stack-data
astunparse==1.6.3
    # via tensorflow-cpu
cachetools==5.3.3
    # via google-auth
certifi==2024.6.2
    # via requests
charset-normalizer==3.3.2
    # via requests
chex==0.1.7
    # via dm-pix
    # via optax
contourpy==1.2.1
    # via matplotlib
cycler==0.12.1
    # via matplotlib
decorator==5.1.1
    # via ipython
dm-pix==0.4.2
    # via multinerf
dm-tree==0.1.8
    # via chex
etils==1.9.2
    # via orbax-checkpoint
executing==2.0.1
    # via stack-data
flatbuffers==24.3.25
    # via tensorflow-cpu
flax==0.7.4
    # via multinerf
fonttools==4.53.0
    # via matplotlib
fsspec==2024.6.1
    # via etils
gast==0.4.0
    # via tensorflow-cpu
gin-config==0.5.0
    # via multinerf
google-auth==2.30.0
    # via google-auth-oauthlib
    # via tensorboard
google-auth-oauthlib==1.0.0
    # via tensorboard
google-pasta==0.2.0
    # via tensorflow-cpu
grpcio==1.64.1
    # via tensorboard
    # via tensorflow-cpu
h5py==3.11.0
    # via tensorflow-cpu
idna==3.7
    # via requests
importlib-resources==6.4.0
    # via etils
ipython==8.23.0
    # via mediapy
jax==0.4.9
    # via chex
    # via flax
    # via multinerf
    # via optax
    # via orbax-checkpoint
jaxlib @ https://storage.googleapis.com/jax-releases/cuda11/jaxlib-0.4.9+cuda11.cudnn86-cp311-cp311-manylinux2014_x86_64.whl
    # via chex
    # via multinerf
    # via optax
    # via orbax-checkpoint
jedi==0.19.1
    # via ipython
keras==2.13.1
    # via tensorflow-cpu
kiwisolver==1.4.5
    # via matplotlib
libclang==18.1.1
    # via tensorflow-cpu
markdown==3.6
    # via tensorboard
markdown-it-py==3.0.0
    # via rich
markupsafe==2.1.5
    # via werkzeug
matplotlib==3.9.0
    # via mediapy
matplotlib-inline==0.1.7
    # via ipython
mdurl==0.1.2
    # via markdown-it-py
mediapy==1.2.2
    # via multinerf
ml-dtypes==0.2.0
    # via jax
    # via jaxlib
    # via multinerf
msgpack==1.0.8
    # via flax
    # via orbax-checkpoint
nest-asyncio==1.6.0
    # via orbax-checkpoint
numpy==1.24.3
    # via chex
    # via contourpy
    # via flax
    # via h5py
    # via jax
    # via jaxlib
    # via matplotlib
    # via mediapy
    # via ml-dtypes
    # via multinerf
    # via opencv-python
    # via opt-einsum
    # via optax
    # via orbax-checkpoint
    # via rawpy
    # via scipy
    # via tensorboard
    # via tensorflow-cpu
    # via tensorstore
oauthlib==3.2.2
    # via requests-oauthlib
opencv-python==4.10.0.84
    # via multinerf
opt-einsum==3.3.0
    # via jax
    # via tensorflow-cpu
optax==0.2.1
    # via flax
orbax-checkpoint==0.2.7
    # via flax
    # via multinerf
packaging==24.1
    # via matplotlib
    # via tensorflow-cpu
parso==0.8.4
    # via jedi
pexpect==4.9.0
    # via ipython
pillow==10.3.0
    # via matplotlib
    # via mediapy
    # via multinerf
prompt-toolkit==3.0.47
    # via ipython
protobuf==4.25.3
    # via orbax-checkpoint
    # via tensorboard
    # via tensorflow-cpu
ptyprocess==0.7.0
    # via pexpect
pure-eval==0.2.2
    # via stack-data
pyasn1==0.6.0
    # via pyasn1-modules
    # via rsa
pyasn1-modules==0.4.0
    # via google-auth
pygments==2.18.0
    # via ipython
    # via rich
pyparsing==3.1.2
    # via matplotlib
python-dateutil==2.9.0.post0
    # via matplotlib
pyyaml==6.0.1
    # via flax
    # via orbax-checkpoint
rawpy==0.21.0
    # via multinerf
requests==2.32.3
    # via requests-oauthlib
    # via tensorboard
requests-oauthlib==2.0.0
    # via google-auth-oauthlib
rich==13.7.1
    # via flax
rsa==4.9
    # via google-auth
scipy==1.12.0
    # via jax
    # via jaxlib
    # via multinerf
setuptools==70.1.1
    # via tensorboard
    # via tensorflow-cpu
six==1.16.0
    # via asttokens
    # via astunparse
    # via google-pasta
    # via python-dateutil
    # via tensorflow-cpu
stack-data==0.6.3
    # via ipython
tensorboard==2.13.0
    # via multinerf
    # via tensorflow-cpu
tensorboard-data-server==0.7.2
    # via tensorboard
tensorflow-cpu==2.13.1
    # via multinerf
tensorflow-estimator==2.13.0
    # via tensorflow-cpu
tensorflow-io-gcs-filesystem==0.37.0
    # via tensorflow-cpu
tensorstore==0.1.45
    # via flax
    # via orbax-checkpoint
termcolor==2.4.0
    # via tensorflow-cpu
toolz==0.12.1
    # via chex
traitlets==5.14.3
    # via ipython
    # via matplotlib-inline
typing-extensions==4.5.0
    # via etils
    # via flax
    # via ipython
    # via orbax-checkpoint
    # via tensorflow-cpu
urllib3==2.2.2
    # via requests
wcwidth==0.2.13
    # via prompt-toolkit
werkzeug==3.0.3
    # via tensorboard
wheel==0.43.0
    # via astunparse
    # via tensorboard
wrapt==1.16.0
    # via tensorflow-cpu
zipp==3.19.2
    # via etils
